
Microsoft Visual Studio Solution File, Format Version 12.00
# Visual Studio Version 17
VisualStudioVersion = 17.7.34009.444
MinimumVisualStudioVersion = 10.0.40219.1
Project("{FAE04EC0-301F-11D3-BF4B-00C04F79EFBC}") = "KutnoAPI", "KutnoAPI\KutnoAPI.csproj", "{3CA8F2DB-67A3-44D0-BBD6-0AE268BECB2A}"
EndProject
Global
	GlobalSection(SolutionConfigurationPlatforms) = preSolution
		Debug|Any CPU = Debug|Any CPU
		Release|Any CPU = Release|Any CPU
	EndGlobalSection
	GlobalSection(ProjectConfigurationPlatforms) = postSolution
		{3CA8F2DB-67A3-44D0-BBD6-0AE268BECB2A}.Debug|Any CPU.ActiveCfg = Debug|Any CPU
		{3CA8F2DB-67A3-44D0-BBD6-0AE268BECB2A}.Debug|Any CPU.Build.0 = Debug|Any CPU
		{3CA8F2DB-67A3-44D0-BBD6-0AE268BECB2A}.Release|Any CPU.ActiveCfg = Release|Any CPU
		{3CA8F2DB-67A3-44D0-BBD6-0AE268BECB2A}.Release|Any CPU.Build.0 = Release|Any CPU
	EndGlobalSection
	GlobalSection(SolutionProperties) = preSolution
		HideSolutionNode = FALSE
	EndGlobalSection
	GlobalSection(ExtensibilityGlobals) = postSolution
		SolutionGuid = {914794F7-0FA0-43CA-9C11-4D017756F203}
	EndGlobalSection
EndGlobal
